
Microsoft Visual Studio Solution File, Format Version 11.00
# Visual Studio 2010
Project("{FAE04EC0-301F-11D3-BF4B-00C04F79EFBC}") = "IvtLibrary", "IvtLibrary\IvtLibrary.csproj", "{942EB549-B684-443E-AEA5-EA37C0C3700A}"
EndProject
Project("{FAE04EC0-301F-11D3-BF4B-00C04F79EFBC}") = "IvtLibrary.Tests", "IvtLibrary.Tests\IvtLibrary.Tests.csproj", "{43EE0C1D-FD9A-47A5-B3F6-9D58E872B55E}"
EndProject
Global
	GlobalSection(SolutionConfigurationPlatforms) = preSolution
		Debug|Any CPU = Debug|Any CPU
		Release|Any CPU = Release|Any CPU
	EndGlobalSection
	GlobalSection(ProjectConfigurationPlatforms) = postSolution
		{942EB549-B684-443E-AEA5-EA37C0C3700A}.Debug|Any CPU.ActiveCfg = Debug|Any CPU
		{942EB549-B684-443E-AEA5-EA37C0C3700A}.Debug|Any CPU.Build.0 = Debug|Any CPU
		{942EB549-B684-443E-AEA5-EA37C0C3700A}.Release|Any CPU.ActiveCfg = Release|Any CPU
		{942EB549-B684-443E-AEA5-EA37C0C3700A}.Release|Any CPU.Build.0 = Release|Any CPU
		{43EE0C1D-FD9A-47A5-B3F6-9D58E872B55E}.Debug|Any CPU.ActiveCfg = Debug|Any CPU
		{43EE0C1D-FD9A-47A5-B3F6-9D58E872B55E}.Debug|Any CPU.Build.0 = Debug|Any CPU
		{43EE0C1D-FD9A-47A5-B3F6-9D58E872B55E}.Release|Any CPU.ActiveCfg = Release|Any CPU
		{43EE0C1D-FD9A-47A5-B3F6-9D58E872B55E}.Release|Any CPU.Build.0 = Release|Any CPU
	EndGlobalSection
	GlobalSection(SolutionProperties) = preSolution
		HideSolutionNode = FALSE
	EndGlobalSection
EndGlobal
