
Microsoft Visual Studio Solution File, Format Version 11.00
# Visual Studio 2010
Project("{FAE04EC0-301F-11D3-BF4B-00C04F79EFBC}") = "IvtLibrary", "IvtLibrary\IvtLibrary.csproj", "{0D7AECE6-F979-4F13-8BF9-21C2ECCC4BCD}"
EndProject
Project("{FAE04EC0-301F-11D3-BF4B-00C04F79EFBC}") = "TestIvtLibrary", "TestIvtLibrary\TestIvtLibrary.csproj", "{4007371F-7B5E-4779-B511-A21C6C9B15D9}"
EndProject
Global
	GlobalSection(SolutionConfigurationPlatforms) = preSolution
		Debug|Any CPU = Debug|Any CPU
		Release|Any CPU = Release|Any CPU
	EndGlobalSection
	GlobalSection(ProjectConfigurationPlatforms) = postSolution
		{0D7AECE6-F979-4F13-8BF9-21C2ECCC4BCD}.Debug|Any CPU.ActiveCfg = Debug|Any CPU
		{0D7AECE6-F979-4F13-8BF9-21C2ECCC4BCD}.Debug|Any CPU.Build.0 = Debug|Any CPU
		{0D7AECE6-F979-4F13-8BF9-21C2ECCC4BCD}.Release|Any CPU.ActiveCfg = Release|Any CPU
		{0D7AECE6-F979-4F13-8BF9-21C2ECCC4BCD}.Release|Any CPU.Build.0 = Release|Any CPU
		{4007371F-7B5E-4779-B511-A21C6C9B15D9}.Debug|Any CPU.ActiveCfg = Debug|Any CPU
		{4007371F-7B5E-4779-B511-A21C6C9B15D9}.Debug|Any CPU.Build.0 = Debug|Any CPU
		{4007371F-7B5E-4779-B511-A21C6C9B15D9}.Release|Any CPU.ActiveCfg = Release|Any CPU
		{4007371F-7B5E-4779-B511-A21C6C9B15D9}.Release|Any CPU.Build.0 = Release|Any CPU
	EndGlobalSection
	GlobalSection(SolutionProperties) = preSolution
		HideSolutionNode = FALSE
	EndGlobalSection
EndGlobal
